
Microsoft Visual Studio Solution File, Format Version 12.00
Project("{FAE04EC0-301F-11D3-BF4B-00C04F79EFBC}") = "ResponsibilityChain", "ResponsibilityChain\ResponsibilityChain.csproj", "{23331B41-86E5-4363-AB5A-38F162AE86A9}"
EndProject
Project("{FAE04EC0-301F-11D3-BF4B-00C04F79EFBC}") = "ResponsibilityChain.Test", "ResponsibilityChain.Test\ResponsibilityChain.Test.csproj", "{5C81610D-4A9E-45F4-B234-83CEBEEC4A59}"
EndProject
Project("{FAE04EC0-301F-11D3-BF4B-00C04F79EFBC}") = "ResponsibilityChain.Business", "ResponsibilityChain.Business\ResponsibilityChain.Business.csproj", "{5BD41528-BEA4-4C10-B522-9E5158275774}"
EndProject
Project("{2150E333-8FDC-42A3-9474-1A3956D46DE8}") = "src", "src", "{65FCD318-47D7-4EB7-A74B-047EA931A0D6}"
EndProject
Project("{FAE04EC0-301F-11D3-BF4B-00C04F79EFBC}") = "ProjectHealthReport.Web", "ProjectHealthReport.Web\ProjectHealthReport.Web.csproj", "{11FC54E8-9E9F-4EE4-82C1-AA4C23AF9B55}"
EndProject
Project("{2150E333-8FDC-42A3-9474-1A3956D46DE8}") = "libs", "libs", "{B6869B9B-DC13-4657-90A9-7D1C3D8D48F4}"
EndProject
Project("{2150E333-8FDC-42A3-9474-1A3956D46DE8}") = "test", "test", "{0C6CCE50-90DA-4356-8BBF-41BB8D7C8064}"
EndProject
Project("{FAE04EC0-301F-11D3-BF4B-00C04F79EFBC}") = "ProjectHealthReport.Features", "ProjectHealthReport.Features\ProjectHealthReport.Features.csproj", "{386DB65E-3186-45B4-9A9F-247B04C1CDD4}"
EndProject
Project("{FAE04EC0-301F-11D3-BF4B-00C04F79EFBC}") = "ProjectHealthReport.Domains", "ProjectHealthReport.Domains\ProjectHealthReport.Domains.csproj", "{889B14B5-E74B-4D95-AE95-B3179E3F6908}"
EndProject
Project("{FAE04EC0-301F-11D3-BF4B-00C04F79EFBC}") = "IdentityServer", "IdentityServer\IdentityServer.csproj", "{A39A2D68-E984-4B48-9AA7-6AB0A534652F}"
EndProject
Project("{2150E333-8FDC-42A3-9474-1A3956D46DE8}") = "IdP", "IdP", "{9732EBFA-FCA6-48F0-AD5D-EAB91DDEEB96}"
EndProject
Project("{FAE04EC0-301F-11D3-BF4B-00C04F79EFBC}") = "TestApi", "TestApi\TestApi.csproj", "{4E6985AE-DA41-431A-A627-E22A08A7C16E}"
EndProject
Project("{FAE04EC0-301F-11D3-BF4B-00C04F79EFBC}") = "ResponsibilityChain.TestConsole", "ResponsibilityChain.TestConsole\ResponsibilityChain.TestConsole.csproj", "{A23A9A8A-57D5-445B-9199-E427E28A37EA}"
EndProject
Project("{2150E333-8FDC-42A3-9474-1A3956D46DE8}") = "Items", "Items", "{CFAF837D-361E-4BB3-AFB0-0CA0A8E650F9}"
ProjectSection(SolutionItems) = preProject
	Items\script.sql = Items\script.sql
EndProjectSection
EndProject
Project("{FAE04EC0-301F-11D3-BF4B-00C04F79EFBC}") = "ProjectHealthReport.Domains.Test", "ProjectHealthReport.Domains.Test\ProjectHealthReport.Domains.Test.csproj", "{B322EE1C-26AB-482B-B296-C69B6B226346}"
EndProject
Global
	GlobalSection(SolutionConfigurationPlatforms) = preSolution
		Debug|Any CPU = Debug|Any CPU
		Release|Any CPU = Release|Any CPU
	EndGlobalSection
	GlobalSection(ProjectConfigurationPlatforms) = postSolution
		{23331B41-86E5-4363-AB5A-38F162AE86A9}.Debug|Any CPU.ActiveCfg = Debug|Any CPU
		{23331B41-86E5-4363-AB5A-38F162AE86A9}.Debug|Any CPU.Build.0 = Debug|Any CPU
		{23331B41-86E5-4363-AB5A-38F162AE86A9}.Release|Any CPU.ActiveCfg = Release|Any CPU
		{23331B41-86E5-4363-AB5A-38F162AE86A9}.Release|Any CPU.Build.0 = Release|Any CPU
		{5C81610D-4A9E-45F4-B234-83CEBEEC4A59}.Debug|Any CPU.ActiveCfg = Debug|Any CPU
		{5C81610D-4A9E-45F4-B234-83CEBEEC4A59}.Debug|Any CPU.Build.0 = Debug|Any CPU
		{5C81610D-4A9E-45F4-B234-83CEBEEC4A59}.Release|Any CPU.ActiveCfg = Release|Any CPU
		{5C81610D-4A9E-45F4-B234-83CEBEEC4A59}.Release|Any CPU.Build.0 = Release|Any CPU
		{5BD41528-BEA4-4C10-B522-9E5158275774}.Debug|Any CPU.ActiveCfg = Debug|Any CPU
		{5BD41528-BEA4-4C10-B522-9E5158275774}.Debug|Any CPU.Build.0 = Debug|Any CPU
		{5BD41528-BEA4-4C10-B522-9E5158275774}.Release|Any CPU.ActiveCfg = Release|Any CPU
		{5BD41528-BEA4-4C10-B522-9E5158275774}.Release|Any CPU.Build.0 = Release|Any CPU
		{11FC54E8-9E9F-4EE4-82C1-AA4C23AF9B55}.Debug|Any CPU.ActiveCfg = Debug|Any CPU
		{11FC54E8-9E9F-4EE4-82C1-AA4C23AF9B55}.Debug|Any CPU.Build.0 = Debug|Any CPU
		{11FC54E8-9E9F-4EE4-82C1-AA4C23AF9B55}.Release|Any CPU.ActiveCfg = Release|Any CPU
		{11FC54E8-9E9F-4EE4-82C1-AA4C23AF9B55}.Release|Any CPU.Build.0 = Release|Any CPU
		{386DB65E-3186-45B4-9A9F-247B04C1CDD4}.Debug|Any CPU.ActiveCfg = Debug|Any CPU
		{386DB65E-3186-45B4-9A9F-247B04C1CDD4}.Debug|Any CPU.Build.0 = Debug|Any CPU
		{386DB65E-3186-45B4-9A9F-247B04C1CDD4}.Release|Any CPU.ActiveCfg = Release|Any CPU
		{386DB65E-3186-45B4-9A9F-247B04C1CDD4}.Release|Any CPU.Build.0 = Release|Any CPU
		{889B14B5-E74B-4D95-AE95-B3179E3F6908}.Debug|Any CPU.ActiveCfg = Debug|Any CPU
		{889B14B5-E74B-4D95-AE95-B3179E3F6908}.Debug|Any CPU.Build.0 = Debug|Any CPU
		{889B14B5-E74B-4D95-AE95-B3179E3F6908}.Release|Any CPU.ActiveCfg = Release|Any CPU
		{889B14B5-E74B-4D95-AE95-B3179E3F6908}.Release|Any CPU.Build.0 = Release|Any CPU
		{A39A2D68-E984-4B48-9AA7-6AB0A534652F}.Debug|Any CPU.ActiveCfg = Debug|Any CPU
		{A39A2D68-E984-4B48-9AA7-6AB0A534652F}.Debug|Any CPU.Build.0 = Debug|Any CPU
		{A39A2D68-E984-4B48-9AA7-6AB0A534652F}.Release|Any CPU.ActiveCfg = Release|Any CPU
		{A39A2D68-E984-4B48-9AA7-6AB0A534652F}.Release|Any CPU.Build.0 = Release|Any CPU
		{4E6985AE-DA41-431A-A627-E22A08A7C16E}.Debug|Any CPU.ActiveCfg = Debug|Any CPU
		{4E6985AE-DA41-431A-A627-E22A08A7C16E}.Debug|Any CPU.Build.0 = Debug|Any CPU
		{4E6985AE-DA41-431A-A627-E22A08A7C16E}.Release|Any CPU.ActiveCfg = Release|Any CPU
		{4E6985AE-DA41-431A-A627-E22A08A7C16E}.Release|Any CPU.Build.0 = Release|Any CPU
		{A23A9A8A-57D5-445B-9199-E427E28A37EA}.Debug|Any CPU.ActiveCfg = Debug|Any CPU
		{A23A9A8A-57D5-445B-9199-E427E28A37EA}.Debug|Any CPU.Build.0 = Debug|Any CPU
		{A23A9A8A-57D5-445B-9199-E427E28A37EA}.Release|Any CPU.ActiveCfg = Release|Any CPU
		{A23A9A8A-57D5-445B-9199-E427E28A37EA}.Release|Any CPU.Build.0 = Release|Any CPU
		{B322EE1C-26AB-482B-B296-C69B6B226346}.Debug|Any CPU.ActiveCfg = Debug|Any CPU
		{B322EE1C-26AB-482B-B296-C69B6B226346}.Debug|Any CPU.Build.0 = Debug|Any CPU
		{B322EE1C-26AB-482B-B296-C69B6B226346}.Release|Any CPU.ActiveCfg = Release|Any CPU
		{B322EE1C-26AB-482B-B296-C69B6B226346}.Release|Any CPU.Build.0 = Release|Any CPU
	EndGlobalSection
	GlobalSection(NestedProjects) = preSolution
		{11FC54E8-9E9F-4EE4-82C1-AA4C23AF9B55} = {65FCD318-47D7-4EB7-A74B-047EA931A0D6}
		{B6869B9B-DC13-4657-90A9-7D1C3D8D48F4} = {65FCD318-47D7-4EB7-A74B-047EA931A0D6}
		{23331B41-86E5-4363-AB5A-38F162AE86A9} = {B6869B9B-DC13-4657-90A9-7D1C3D8D48F4}
		{5BD41528-BEA4-4C10-B522-9E5158275774} = {B6869B9B-DC13-4657-90A9-7D1C3D8D48F4}
		{5C81610D-4A9E-45F4-B234-83CEBEEC4A59} = {0C6CCE50-90DA-4356-8BBF-41BB8D7C8064}
		{386DB65E-3186-45B4-9A9F-247B04C1CDD4} = {65FCD318-47D7-4EB7-A74B-047EA931A0D6}
		{889B14B5-E74B-4D95-AE95-B3179E3F6908} = {65FCD318-47D7-4EB7-A74B-047EA931A0D6}
		{A39A2D68-E984-4B48-9AA7-6AB0A534652F} = {9732EBFA-FCA6-48F0-AD5D-EAB91DDEEB96}
		{9732EBFA-FCA6-48F0-AD5D-EAB91DDEEB96} = {65FCD318-47D7-4EB7-A74B-047EA931A0D6}
		{4E6985AE-DA41-431A-A627-E22A08A7C16E} = {9732EBFA-FCA6-48F0-AD5D-EAB91DDEEB96}
		{A23A9A8A-57D5-445B-9199-E427E28A37EA} = {B6869B9B-DC13-4657-90A9-7D1C3D8D48F4}
		{B322EE1C-26AB-482B-B296-C69B6B226346} = {0C6CCE50-90DA-4356-8BBF-41BB8D7C8064}
	EndGlobalSection
EndGlobal
